// !$*UTF8*$!
{
	archiveVersion = 1;
	classes = {
	};
	objectVersion = 46;
	objects = {

/* Begin PBXBuildFile section */
		4A2B00791937FC8F000AA36A /* ProximityKit.framework in Frameworks */ = {isa = PBXBuildFile; fileRef = 4A2B00781937FC8F000AA36A /* ProximityKit.framework */; };
		4A3578D319377A03006E7BA8 /* Foundation.framework in Frameworks */ = {isa = PBXBuildFile; fileRef = 4A3578D219377A03006E7BA8 /* Foundation.framework */; };
		4A3578D519377A03006E7BA8 /* CoreGraphics.framework in Frameworks */ = {isa = PBXBuildFile; fileRef = 4A3578D419377A03006E7BA8 /* CoreGraphics.framework */; };
		4A3578D719377A03006E7BA8 /* UIKit.framework in Frameworks */ = {isa = PBXBuildFile; fileRef = 4A3578D619377A03006E7BA8 /* UIKit.framework */; };
		4A3578DD19377A03006E7BA8 /* InfoPlist.strings in Resources */ = {isa = PBXBuildFile; fileRef = 4A3578DB19377A03006E7BA8 /* InfoPlist.strings */; };
		4A3578DF19377A03006E7BA8 /* main.m in Sources */ = {isa = PBXBuildFile; fileRef = 4A3578DE19377A03006E7BA8 /* main.m */; };
		4A3578E319377A03006E7BA8 /* LocateAppDelegate.m in Sources */ = {isa = PBXBuildFile; fileRef = 4A3578E219377A03006E7BA8 /* LocateAppDelegate.m */; };
		4A3578E619377A03006E7BA8 /* Main.storyboard in Resources */ = {isa = PBXBuildFile; fileRef = 4A3578E419377A03006E7BA8 /* Main.storyboard */; };
		4A3578E919377A03006E7BA8 /* LocateViewController.m in Sources */ = {isa = PBXBuildFile; fileRef = 4A3578E819377A03006E7BA8 /* LocateViewController.m */; };
		4A3578EB19377A03006E7BA8 /* Images.xcassets in Resources */ = {isa = PBXBuildFile; fileRef = 4A3578EA19377A03006E7BA8 /* Images.xcassets */; };
		4ADE7F42193780310063B859 /* MapKit.framework in Frameworks */ = {isa = PBXBuildFile; fileRef = 4ADE7F41193780310063B859 /* MapKit.framework */; };
		4ADE7F45193791DA0063B859 /* LocateAnnotation.m in Sources */ = {isa = PBXBuildFile; fileRef = 4ADE7F44193791DA0063B859 /* LocateAnnotation.m */; };
		4ADE7F4D1937AFD80063B859 /* ProximityKit.plist in Resources */ = {isa = PBXBuildFile; fileRef = 4ADE7F4C1937AFD80063B859 /* ProximityKit.plist */; };
/* End PBXBuildFile section */

/* Begin PBXFileReference section */
		4A2B00781937FC8F000AA36A /* ProximityKit.framework */ = {isa = PBXFileReference; lastKnownFileType = wrapper.framework; path = ProximityKit.framework; sourceTree = "<group>"; };
		4A3578CF19377A03006E7BA8 /* LocateMe.app */ = {isa = PBXFileReference; explicitFileType = wrapper.application; includeInIndex = 0; path = LocateMe.app; sourceTree = BUILT_PRODUCTS_DIR; };
		4A3578D219377A03006E7BA8 /* Foundation.framework */ = {isa = PBXFileReference; lastKnownFileType = wrapper.framework; name = Foundation.framework; path = System/Library/Frameworks/Foundation.framework; sourceTree = SDKROOT; };
		4A3578D419377A03006E7BA8 /* CoreGraphics.framework */ = {isa = PBXFileReference; lastKnownFileType = wrapper.framework; name = CoreGraphics.framework; path = System/Library/Frameworks/CoreGraphics.framework; sourceTree = SDKROOT; };
		4A3578D619377A03006E7BA8 /* UIKit.framework */ = {isa = PBXFileReference; lastKnownFileType = wrapper.framework; name = UIKit.framework; path = System/Library/Frameworks/UIKit.framework; sourceTree = SDKROOT; };
		4A3578DA19377A03006E7BA8 /* LocateMe-Info.plist */ = {isa = PBXFileReference; lastKnownFileType = text.plist.xml; path = "LocateMe-Info.plist"; sourceTree = "<group>"; };
		4A3578DC19377A03006E7BA8 /* en */ = {isa = PBXFileReference; lastKnownFileType = text.plist.strings; name = en; path = en.lproj/InfoPlist.strings; sourceTree = "<group>"; };
		4A3578DE19377A03006E7BA8 /* main.m */ = {isa = PBXFileReference; lastKnownFileType = sourcecode.c.objc; path = main.m; sourceTree = "<group>"; };
		4A3578E019377A03006E7BA8 /* LocateMe-Prefix.pch */ = {isa = PBXFileReference; lastKnownFileType = sourcecode.c.h; path = "LocateMe-Prefix.pch"; sourceTree = "<group>"; };
		4A3578E119377A03006E7BA8 /* LocateAppDelegate.h */ = {isa = PBXFileReference; lastKnownFileType = sourcecode.c.h; path = LocateAppDelegate.h; sourceTree = "<group>"; };
		4A3578E219377A03006E7BA8 /* LocateAppDelegate.m */ = {isa = PBXFileReference; lastKnownFileType = sourcecode.c.objc; path = LocateAppDelegate.m; sourceTree = "<group>"; };
		4A3578E519377A03006E7BA8 /* Base */ = {isa = PBXFileReference; lastKnownFileType = file.storyboard; name = Base; path = Base.lproj/Main.storyboard; sourceTree = "<group>"; };
		4A3578E719377A03006E7BA8 /* LocateViewController.h */ = {isa = PBXFileReference; lastKnownFileType = sourcecode.c.h; path = LocateViewController.h; sourceTree = "<group>"; };
		4A3578E819377A03006E7BA8 /* LocateViewController.m */ = {isa = PBXFileReference; lastKnownFileType = sourcecode.c.objc; path = LocateViewController.m; sourceTree = "<group>"; };
		4A3578EA19377A03006E7BA8 /* Images.xcassets */ = {isa = PBXFileReference; lastKnownFileType = folder.assetcatalog; path = Images.xcassets; sourceTree = "<group>"; };
		4A3578F119377A03006E7BA8 /* XCTest.framework */ = {isa = PBXFileReference; lastKnownFileType = wrapper.framework; name = XCTest.framework; path = Library/Frameworks/XCTest.framework; sourceTree = DEVELOPER_DIR; };
		4ADE7F41193780310063B859 /* MapKit.framework */ = {isa = PBXFileReference; lastKnownFileType = wrapper.framework; name = MapKit.framework; path = System/Library/Frameworks/MapKit.framework; sourceTree = SDKROOT; };
		4ADE7F43193791DA0063B859 /* LocateAnnotation.h */ = {isa = PBXFileReference; fileEncoding = 4; lastKnownFileType = sourcecode.c.h; path = LocateAnnotation.h; sourceTree = "<group>"; };
		4ADE7F44193791DA0063B859 /* LocateAnnotation.m */ = {isa = PBXFileReference; fileEncoding = 4; lastKnownFileType = sourcecode.c.objc; path = LocateAnnotation.m; sourceTree = "<group>"; };
		4ADE7F461937A88D0063B859 /* house.gpx */ = {isa = PBXFileReference; lastKnownFileType = text.xml; path = house.gpx; sourceTree = "<group>"; };
		4ADE7F471937A8A00063B859 /* Location2.gpx */ = {isa = PBXFileReference; lastKnownFileType = text.xml; path = Location2.gpx; sourceTree = "<group>"; };
		4ADE7F4C1937AFD80063B859 /* ProximityKit.plist */ = {isa = PBXFileReference; fileEncoding = 4; lastKnownFileType = text.plist.xml; path = ProximityKit.plist; sourceTree = "<group>"; };
/* End PBXFileReference section */

/* Begin PBXFrameworksBuildPhase section */
		4A3578CC19377A03006E7BA8 /* Frameworks */ = {
			isa = PBXFrameworksBuildPhase;
			buildActionMask = 2147483647;
			files = (
				4ADE7F42193780310063B859 /* MapKit.framework in Frameworks */,
				4A2B00791937FC8F000AA36A /* ProximityKit.framework in Frameworks */,
				4A3578D519377A03006E7BA8 /* CoreGraphics.framework in Frameworks */,
				4A3578D719377A03006E7BA8 /* UIKit.framework in Frameworks */,
				4A3578D319377A03006E7BA8 /* Foundation.framework in Frameworks */,
			);
			runOnlyForDeploymentPostprocessing = 0;
		};
/* End PBXFrameworksBuildPhase section */

/* Begin PBXGroup section */
		4A3578C619377A03006E7BA8 = {
			isa = PBXGroup;
			children = (
				4A3578D819377A03006E7BA8 /* LocateMe */,
				4A3578D119377A03006E7BA8 /* Frameworks */,
				4A3578D019377A03006E7BA8 /* Products */,
			);
			sourceTree = "<group>";
		};
		4A3578D019377A03006E7BA8 /* Products */ = {
			isa = PBXGroup;
			children = (
				4A3578CF19377A03006E7BA8 /* LocateMe.app */,
			);
			name = Products;
			sourceTree = "<group>";
		};
		4A3578D119377A03006E7BA8 /* Frameworks */ = {
			isa = PBXGroup;
			children = (
				4A2B00781937FC8F000AA36A /* ProximityKit.framework */,
				4ADE7F41193780310063B859 /* MapKit.framework */,
				4A3578D219377A03006E7BA8 /* Foundation.framework */,
				4A3578D419377A03006E7BA8 /* CoreGraphics.framework */,
				4A3578D619377A03006E7BA8 /* UIKit.framework */,
				4A3578F119377A03006E7BA8 /* XCTest.framework */,
			);
			name = Frameworks;
			sourceTree = "<group>";
		};
		4A3578D819377A03006E7BA8 /* LocateMe */ = {
			isa = PBXGroup;
			children = (
				4A3578E119377A03006E7BA8 /* LocateAppDelegate.h */,
				4A3578E219377A03006E7BA8 /* LocateAppDelegate.m */,
				4A3578E419377A03006E7BA8 /* Main.storyboard */,
				4A3578E719377A03006E7BA8 /* LocateViewController.h */,
				4A3578E819377A03006E7BA8 /* LocateViewController.m */,
				4ADE7F43193791DA0063B859 /* LocateAnnotation.h */,
				4ADE7F44193791DA0063B859 /* LocateAnnotation.m */,
				4A3578EA19377A03006E7BA8 /* Images.xcassets */,
				4A3578D919377A03006E7BA8 /* Supporting Files */,
			);
			path = LocateMe;
			sourceTree = "<group>";
		};
		4A3578D919377A03006E7BA8 /* Supporting Files */ = {
			isa = PBXGroup;
			children = (
				4ADE7F461937A88D0063B859 /* house.gpx */,
				4ADE7F471937A8A00063B859 /* Location2.gpx */,
				4ADE7F4C1937AFD80063B859 /* ProximityKit.plist */,
				4A3578DA19377A03006E7BA8 /* LocateMe-Info.plist */,
				4A3578DB19377A03006E7BA8 /* InfoPlist.strings */,
				4A3578DE19377A03006E7BA8 /* main.m */,
				4A3578E019377A03006E7BA8 /* LocateMe-Prefix.pch */,
			);
			name = "Supporting Files";
			sourceTree = "<group>";
		};
/* End PBXGroup section */

/* Begin PBXNativeTarget section */
		4A3578CE19377A03006E7BA8 /* LocateMe */ = {
			isa = PBXNativeTarget;
			buildConfigurationList = 4A35790119377A03006E7BA8 /* Build configuration list for PBXNativeTarget "LocateMe" */;
			buildPhases = (
				4A3578CB19377A03006E7BA8 /* Sources */,
				4A3578CC19377A03006E7BA8 /* Frameworks */,
				4A3578CD19377A03006E7BA8 /* Resources */,
			);
			buildRules = (
			);
			dependencies = (
			);
			name = LocateMe;
			productName = LocateMe;
			productReference = 4A3578CF19377A03006E7BA8 /* LocateMe.app */;
			productType = "com.apple.product-type.application";
		};
/* End PBXNativeTarget section */

/* Begin PBXProject section */
		4A3578C719377A03006E7BA8 /* Project object */ = {
			isa = PBXProject;
			attributes = {
				CLASSPREFIX = Locate;
				LastUpgradeCheck = 0510;
				ORGANIZATIONNAME = Anand;
			};
			buildConfigurationList = 4A3578CA19377A03006E7BA8 /* Build configuration list for PBXProject "LocateMe" */;
			compatibilityVersion = "Xcode 3.2";
			developmentRegion = English;
			hasScannedForEncodings = 0;
			knownRegions = (
				en,
				Base,
			);
			mainGroup = 4A3578C619377A03006E7BA8;
			productRefGroup = 4A3578D019377A03006E7BA8 /* Products */;
			projectDirPath = "";
			projectRoot = "";
			targets = (
				4A3578CE19377A03006E7BA8 /* LocateMe */,
			);
		};
/* End PBXProject section */

/* Begin PBXResourcesBuildPhase section */
		4A3578CD19377A03006E7BA8 /* Resources */ = {
			isa = PBXResourcesBuildPhase;
			buildActionMask = 2147483647;
			files = (
				4A3578EB19377A03006E7BA8 /* Images.xcassets in Resources */,
				4ADE7F4D1937AFD80063B859 /* ProximityKit.plist in Resources */,
				4A3578DD19377A03006E7BA8 /* InfoPlist.strings in Resources */,
				4A3578E619377A03006E7BA8 /* Main.storyboard in Resources */,
			);
			runOnlyForDeploymentPostprocessing = 0;
		};
/* End PBXResourcesBuildPhase section */

/* Begin PBXSourcesBuildPhase section */
		4A3578CB19377A03006E7BA8 /* Sources */ = {
			isa = PBXSourcesBuildPhase;
			buildActionMask = 2147483647;
			files = (
				4ADE7F45193791DA0063B859 /* LocateAnnotation.m in Sources */,
				4A3578E319377A03006E7BA8 /* LocateAppDelegate.m in Sources */,
				4A3578DF19377A03006E7BA8 /* main.m in Sources */,
				4A3578E919377A03006E7BA8 /* LocateViewController.m in Sources */,
			);
			runOnlyForDeploymentPostprocessing = 0;
		};
/* End PBXSourcesBuildPhase section */

/* Begin PBXVariantGroup section */
		4A3578DB19377A03006E7BA8 /* InfoPlist.strings */ = {
			isa = PBXVariantGroup;
			children = (
				4A3578DC19377A03006E7BA8 /* en */,
			);
			name = InfoPlist.strings;
			sourceTree = "<group>";
		};
		4A3578E419377A03006E7BA8 /* Main.storyboard */ = {
			isa = PBXVariantGroup;
			children = (
				4A3578E519377A03006E7BA8 /* Base */,
			);
			name = Main.storyboard;
			sourceTree = "<group>";
		};
/* End PBXVariantGroup section */

/* Begin XCBuildConfiguration section */
		4A3578FF19377A03006E7BA8 /* Debug */ = {
			isa = XCBuildConfiguration;
			buildSettings = {
				ALWAYS_SEARCH_USER_PATHS = NO;
				CLANG_CXX_LANGUAGE_STANDARD = "gnu++0x";
				CLANG_CXX_LIBRARY = "libc++";
				CLANG_ENABLE_MODULES = YES;
				CLANG_ENABLE_OBJC_ARC = YES;
				CLANG_WARN_BOOL_CONVERSION = YES;
				CLANG_WARN_CONSTANT_CONVERSION = YES;
				CLANG_WARN_DIRECT_OBJC_ISA_USAGE = YES_ERROR;
				CLANG_WARN_EMPTY_BODY = YES;
				CLANG_WARN_ENUM_CONVERSION = YES;
				CLANG_WARN_INT_CONVERSION = YES;
				CLANG_WARN_OBJC_ROOT_CLASS = YES_ERROR;
				CLANG_WARN__DUPLICATE_METHOD_MATCH = YES;
				"CODE_SIGN_IDENTITY[sdk=iphoneos*]" = "iPhone Developer";
				COPY_PHASE_STRIP = NO;
				GCC_C_LANGUAGE_STANDARD = gnu99;
				GCC_DYNAMIC_NO_PIC = NO;
				GCC_OPTIMIZATION_LEVEL = 0;
				GCC_PREPROCESSOR_DEFINITIONS = (
					"DEBUG=1",
					"$(inherited)",
				);
				GCC_SYMBOLS_PRIVATE_EXTERN = NO;
				GCC_WARN_64_TO_32_BIT_CONVERSION = YES;
				GCC_WARN_ABOUT_RETURN_TYPE = YES_ERROR;
				GCC_WARN_UNDECLARED_SELECTOR = YES;
				GCC_WARN_UNINITIALIZED_AUTOS = YES_AGGRESSIVE;
				GCC_WARN_UNUSED_FUNCTION = YES;
				GCC_WARN_UNUSED_VARIABLE = YES;
				IPHONEOS_DEPLOYMENT_TARGET = 7.1;
				ONLY_ACTIVE_ARCH = YES;
				SDKROOT = iphoneos;
			};
			name = Debug;
		};
		4A35790019377A03006E7BA8 /* Release */ = {
			isa = XCBuildConfiguration;
			buildSettings = {
				ALWAYS_SEARCH_USER_PATHS = NO;
				CLANG_CXX_LANGUAGE_STANDARD = "gnu++0x";
				CLANG_CXX_LIBRARY = "libc++";
				CLANG_ENABLE_MODULES = YES;
				CLANG_ENABLE_OBJC_ARC = YES;
				CLANG_WARN_BOOL_CONVERSION = YES;
				CLANG_WARN_CONSTANT_CONVERSION = YES;
				CLANG_WARN_DIRECT_OBJC_ISA_USAGE = YES_ERROR;
				CLANG_WARN_EMPTY_BODY = YES;
				CLANG_WARN_ENUM_CONVERSION = YES;
				CLANG_WARN_INT_CONVERSION = YES;
				CLANG_WARN_OBJC_ROOT_CLASS = YES_ERROR;
				CLANG_WARN__DUPLICATE_METHOD_MATCH = YES;
				"CODE_SIGN_IDENTITY[sdk=iphoneos*]" = "iPhone Developer";
				COPY_PHASE_STRIP = YES;
				ENABLE_NS_ASSERTIONS = NO;
				GCC_C_LANGUAGE_STANDARD = gnu99;
				GCC_WARN_64_TO_32_BIT_CONVERSION = YES;
				GCC_WARN_ABOUT_RETURN_TYPE = YES_ERROR;
				GCC_WARN_UNDECLARED_SELECTOR = YES;
				GCC_WARN_UNINITIALIZED_AUTOS = YES_AGGRESSIVE;
				GCC_WARN_UNUSED_FUNCTION = YES;
				GCC_WARN_UNUSED_VARIABLE = YES;
				IPHONEOS_DEPLOYMENT_TARGET = 7.1;
				SDKROOT = iphoneos;
				VALIDATE_PRODUCT = YES;
			};
			name = Release;
		};
		4A35790219377A03006E7BA8 /* Debug */ = {
			isa = XCBuildConfiguration;
			buildSettings = {
				ASSETCATALOG_COMPILER_APPICON_NAME = AppIcon;
				ASSETCATALOG_COMPILER_LAUNCHIMAGE_NAME = LaunchImage;
				CODE_SIGN_IDENTITY = "iPhone Developer";
				FRAMEWORK_SEARCH_PATHS = (
					"$(inherited)",
					"$(PROJECT_DIR)",
				);
				GCC_PRECOMPILE_PREFIX_HEADER = YES;
				GCC_PREFIX_HEADER = "LocateMe/LocateMe-Prefix.pch";
				INFOPLIST_FILE = "LocateMe/LocateMe-Info.plist";
				PRODUCT_NAME = "$(TARGET_NAME)";
				PROVISIONING_PROFILE = "49D4FFFF-3F31-46D1-9F88-CB20C26D5E6A";
				WRAPPER_EXTENSION = app;
			};
			name = Debug;
		};
		4A35790319377A03006E7BA8 /* Release */ = {
			isa = XCBuildConfiguration;
			buildSettings = {
				ASSETCATALOG_COMPILER_APPICON_NAME = AppIcon;
				ASSETCATALOG_COMPILER_LAUNCHIMAGE_NAME = LaunchImage;
				CODE_SIGN_IDENTITY = "iPhone Developer";
				FRAMEWORK_SEARCH_PATHS = (
					"$(inherited)",
					"$(PROJECT_DIR)",
				);
				GCC_PRECOMPILE_PREFIX_HEADER = YES;
				GCC_PREFIX_HEADER = "LocateMe/LocateMe-Prefix.pch";
				INFOPLIST_FILE = "LocateMe/LocateMe-Info.plist";
				PRODUCT_NAME = "$(TARGET_NAME)";
				PROVISIONING_PROFILE = "49D4FFFF-3F31-46D1-9F88-CB20C26D5E6A";
				WRAPPER_EXTENSION = app;
			};
			name = Release;
		};
/* End XCBuildConfiguration section */

/* Begin XCConfigurationList section */
		4A3578CA19377A03006E7BA8 /* Build configuration list for PBXProject "LocateMe" */ = {
			isa = XCConfigurationList;
			buildConfigurations = (
				4A3578FF19377A03006E7BA8 /* Debug */,
				4A35790019377A03006E7BA8 /* Release */,
			);
			defaultConfigurationIsVisible = 0;
			defaultConfigurationName = Release;
		};
		4A35790119377A03006E7BA8 /* Build configuration list for PBXNativeTarget "LocateMe" */ = {
			isa = XCConfigurationList;
			buildConfigurations = (
				4A35790219377A03006E7BA8 /* Debug */,
				4A35790319377A03006E7BA8 /* Release */,
			);
			defaultConfigurationIsVisible = 0;
			defaultConfigurationName = Release;
		};
/* End XCConfigurationList section */
	};
	rootObject = 4A3578C719377A03006E7BA8 /* Project object */;
}
